
Microsoft Visual Studio Solution File, Format Version 12.00
# Visual Studio Version 17
VisualStudioVersion = 17.9.34607.119
MinimumVisualStudioVersion = 10.0.40219.1
Project("{9A19103F-16F7-4668-BE54-9A1E7A4F7556}") = "EngineTest", "EngineTest\EngineTest.csproj", "{901F4573-8E15-4065-8036-C8455B8D6E86}"
EndProject
Project("{9A19103F-16F7-4668-BE54-9A1E7A4F7556}") = "AdventureScript", "AdventureScript\AdventureScript.csproj", "{DCECE7D9-E48E-4A58-8E5B-BF06217310F6}"
EndProject
Project("{9A19103F-16F7-4668-BE54-9A1E7A4F7556}") = "TextAdventure", "TextAdventure\TextAdventure.csproj", "{9FBEBDB2-4878-4DFA-945E-886B309E4E5A}"
EndProject
Project("{FAE04EC0-301F-11D3-BF4B-00C04F79EFBC}") = "OxbowCastle", "OxbowCastle\OxbowCastle.csproj", "{6AE104A4-72FD-4FD0-9D26-EC0E17CA0A73}"
EndProject
Global
	GlobalSection(SolutionConfigurationPlatforms) = preSolution
		Debug|Any CPU = Debug|Any CPU
		Debug|ARM64 = Debug|ARM64
		Debug|x64 = Debug|x64
		Debug|x86 = Debug|x86
		Release|Any CPU = Release|Any CPU
		Release|ARM64 = Release|ARM64
		Release|x64 = Release|x64
		Release|x86 = Release|x86
	EndGlobalSection
	GlobalSection(ProjectConfigurationPlatforms) = postSolution
		{901F4573-8E15-4065-8036-C8455B8D6E86}.Debug|Any CPU.ActiveCfg = Debug|Any CPU
		{901F4573-8E15-4065-8036-C8455B8D6E86}.Debug|Any CPU.Build.0 = Debug|Any CPU
		{901F4573-8E15-4065-8036-C8455B8D6E86}.Debug|ARM64.ActiveCfg = Debug|Any CPU
		{901F4573-8E15-4065-8036-C8455B8D6E86}.Debug|ARM64.Build.0 = Debug|Any CPU
		{901F4573-8E15-4065-8036-C8455B8D6E86}.Debug|x64.ActiveCfg = Debug|Any CPU
		{901F4573-8E15-4065-8036-C8455B8D6E86}.Debug|x64.Build.0 = Debug|Any CPU
		{901F4573-8E15-4065-8036-C8455B8D6E86}.Debug|x86.ActiveCfg = Debug|Any CPU
		{901F4573-8E15-4065-8036-C8455B8D6E86}.Debug|x86.Build.0 = Debug|Any CPU
		{901F4573-8E15-4065-8036-C8455B8D6E86}.Release|Any CPU.ActiveCfg = Release|Any CPU
		{901F4573-8E15-4065-8036-C8455B8D6E86}.Release|Any CPU.Build.0 = Release|Any CPU
		{901F4573-8E15-4065-8036-C8455B8D6E86}.Release|ARM64.ActiveCfg = Release|Any CPU
		{901F4573-8E15-4065-8036-C8455B8D6E86}.Release|ARM64.Build.0 = Release|Any CPU
		{901F4573-8E15-4065-8036-C8455B8D6E86}.Release|x64.ActiveCfg = Release|Any CPU
		{901F4573-8E15-4065-8036-C8455B8D6E86}.Release|x64.Build.0 = Release|Any CPU
		{901F4573-8E15-4065-8036-C8455B8D6E86}.Release|x86.ActiveCfg = Release|Any CPU
		{901F4573-8E15-4065-8036-C8455B8D6E86}.Release|x86.Build.0 = Release|Any CPU
		{DCECE7D9-E48E-4A58-8E5B-BF06217310F6}.Debug|Any CPU.ActiveCfg = Debug|Any CPU
		{DCECE7D9-E48E-4A58-8E5B-BF06217310F6}.Debug|Any CPU.Build.0 = Debug|Any CPU
		{DCECE7D9-E48E-4A58-8E5B-BF06217310F6}.Debug|ARM64.ActiveCfg = Debug|Any CPU
		{DCECE7D9-E48E-4A58-8E5B-BF06217310F6}.Debug|ARM64.Build.0 = Debug|Any CPU
		{DCECE7D9-E48E-4A58-8E5B-BF06217310F6}.Debug|x64.ActiveCfg = Debug|Any CPU
		{DCECE7D9-E48E-4A58-8E5B-BF06217310F6}.Debug|x64.Build.0 = Debug|Any CPU
		{DCECE7D9-E48E-4A58-8E5B-BF06217310F6}.Debug|x86.ActiveCfg = Debug|Any CPU
		{DCECE7D9-E48E-4A58-8E5B-BF06217310F6}.Debug|x86.Build.0 = Debug|Any CPU
		{DCECE7D9-E48E-4A58-8E5B-BF06217310F6}.Release|Any CPU.ActiveCfg = Release|Any CPU
		{DCECE7D9-E48E-4A58-8E5B-BF06217310F6}.Release|Any CPU.Build.0 = Release|Any CPU
		{DCECE7D9-E48E-4A58-8E5B-BF06217310F6}.Release|ARM64.ActiveCfg = Release|Any CPU
		{DCECE7D9-E48E-4A58-8E5B-BF06217310F6}.Release|ARM64.Build.0 = Release|Any CPU
		{DCECE7D9-E48E-4A58-8E5B-BF06217310F6}.Release|x64.ActiveCfg = Release|Any CPU
		{DCECE7D9-E48E-4A58-8E5B-BF06217310F6}.Release|x64.Build.0 = Release|Any CPU
		{DCECE7D9-E48E-4A58-8E5B-BF06217310F6}.Release|x86.ActiveCfg = Release|Any CPU
		{DCECE7D9-E48E-4A58-8E5B-BF06217310F6}.Release|x86.Build.0 = Release|Any CPU
		{9FBEBDB2-4878-4DFA-945E-886B309E4E5A}.Debug|Any CPU.ActiveCfg = Debug|Any CPU
		{9FBEBDB2-4878-4DFA-945E-886B309E4E5A}.Debug|Any CPU.Build.0 = Debug|Any CPU
		{9FBEBDB2-4878-4DFA-945E-886B309E4E5A}.Debug|ARM64.ActiveCfg = Debug|Any CPU
		{9FBEBDB2-4878-4DFA-945E-886B309E4E5A}.Debug|ARM64.Build.0 = Debug|Any CPU
		{9FBEBDB2-4878-4DFA-945E-886B309E4E5A}.Debug|x64.ActiveCfg = Debug|Any CPU
		{9FBEBDB2-4878-4DFA-945E-886B309E4E5A}.Debug|x64.Build.0 = Debug|Any CPU
		{9FBEBDB2-4878-4DFA-945E-886B309E4E5A}.Debug|x86.ActiveCfg = Debug|Any CPU
		{9FBEBDB2-4878-4DFA-945E-886B309E4E5A}.Debug|x86.Build.0 = Debug|Any CPU
		{9FBEBDB2-4878-4DFA-945E-886B309E4E5A}.Release|Any CPU.ActiveCfg = Release|Any CPU
		{9FBEBDB2-4878-4DFA-945E-886B309E4E5A}.Release|Any CPU.Build.0 = Release|Any CPU
		{9FBEBDB2-4878-4DFA-945E-886B309E4E5A}.Release|ARM64.ActiveCfg = Release|Any CPU
		{9FBEBDB2-4878-4DFA-945E-886B309E4E5A}.Release|ARM64.Build.0 = Release|Any CPU
		{9FBEBDB2-4878-4DFA-945E-886B309E4E5A}.Release|x64.ActiveCfg = Release|Any CPU
		{9FBEBDB2-4878-4DFA-945E-886B309E4E5A}.Release|x64.Build.0 = Release|Any CPU
		{9FBEBDB2-4878-4DFA-945E-886B309E4E5A}.Release|x86.ActiveCfg = Release|Any CPU
		{9FBEBDB2-4878-4DFA-945E-886B309E4E5A}.Release|x86.Build.0 = Release|Any CPU
		{6AE104A4-72FD-4FD0-9D26-EC0E17CA0A73}.Debug|Any CPU.ActiveCfg = Debug|x64
		{6AE104A4-72FD-4FD0-9D26-EC0E17CA0A73}.Debug|Any CPU.Build.0 = Debug|x64
		{6AE104A4-72FD-4FD0-9D26-EC0E17CA0A73}.Debug|Any CPU.Deploy.0 = Debug|x64
		{6AE104A4-72FD-4FD0-9D26-EC0E17CA0A73}.Debug|ARM64.ActiveCfg = Debug|ARM64
		{6AE104A4-72FD-4FD0-9D26-EC0E17CA0A73}.Debug|ARM64.Build.0 = Debug|ARM64
		{6AE104A4-72FD-4FD0-9D26-EC0E17CA0A73}.Debug|ARM64.Deploy.0 = Debug|ARM64
		{6AE104A4-72FD-4FD0-9D26-EC0E17CA0A73}.Debug|x64.ActiveCfg = Debug|x64
		{6AE104A4-72FD-4FD0-9D26-EC0E17CA0A73}.Debug|x64.Build.0 = Debug|x64
		{6AE104A4-72FD-4FD0-9D26-EC0E17CA0A73}.Debug|x64.Deploy.0 = Debug|x64
		{6AE104A4-72FD-4FD0-9D26-EC0E17CA0A73}.Debug|x86.ActiveCfg = Debug|x86
		{6AE104A4-72FD-4FD0-9D26-EC0E17CA0A73}.Debug|x86.Build.0 = Debug|x86
		{6AE104A4-72FD-4FD0-9D26-EC0E17CA0A73}.Debug|x86.Deploy.0 = Debug|x86
		{6AE104A4-72FD-4FD0-9D26-EC0E17CA0A73}.Release|Any CPU.ActiveCfg = Release|x64
		{6AE104A4-72FD-4FD0-9D26-EC0E17CA0A73}.Release|Any CPU.Build.0 = Release|x64
		{6AE104A4-72FD-4FD0-9D26-EC0E17CA0A73}.Release|Any CPU.Deploy.0 = Release|x64
		{6AE104A4-72FD-4FD0-9D26-EC0E17CA0A73}.Release|ARM64.ActiveCfg = Release|ARM64
		{6AE104A4-72FD-4FD0-9D26-EC0E17CA0A73}.Release|ARM64.Build.0 = Release|ARM64
		{6AE104A4-72FD-4FD0-9D26-EC0E17CA0A73}.Release|ARM64.Deploy.0 = Release|ARM64
		{6AE104A4-72FD-4FD0-9D26-EC0E17CA0A73}.Release|x64.ActiveCfg = Release|x64
		{6AE104A4-72FD-4FD0-9D26-EC0E17CA0A73}.Release|x64.Build.0 = Release|x64
		{6AE104A4-72FD-4FD0-9D26-EC0E17CA0A73}.Release|x64.Deploy.0 = Release|x64
		{6AE104A4-72FD-4FD0-9D26-EC0E17CA0A73}.Release|x86.ActiveCfg = Release|x86
		{6AE104A4-72FD-4FD0-9D26-EC0E17CA0A73}.Release|x86.Build.0 = Release|x86
		{6AE104A4-72FD-4FD0-9D26-EC0E17CA0A73}.Release|x86.Deploy.0 = Release|x86
	EndGlobalSection
	GlobalSection(SolutionProperties) = preSolution
		HideSolutionNode = FALSE
	EndGlobalSection
	GlobalSection(ExtensibilityGlobals) = postSolution
		SolutionGuid = {844837E6-9C18-4AE8-9474-12DEBDBF7F63}
	EndGlobalSection
EndGlobal
