
Microsoft Visual Studio Solution File, Format Version 12.00
# Visual Studio Version 17
VisualStudioVersion = 17.9.34607.119
MinimumVisualStudioVersion = 10.0.40219.1
Project("{9A19103F-16F7-4668-BE54-9A1E7A4F7556}") = "EngineTest", "EngineTest\EngineTest.csproj", "{901F4573-8E15-4065-8036-C8455B8D6E86}"
EndProject
Project("{9A19103F-16F7-4668-BE54-9A1E7A4F7556}") = "AdventureScript", "AdventureScript\AdventureScript.csproj", "{DCECE7D9-E48E-4A58-8E5B-BF06217310F6}"
EndProject
Project("{9A19103F-16F7-4668-BE54-9A1E7A4F7556}") = "TextAdventure", "TextAdventure\TextAdventure.csproj", "{9FBEBDB2-4878-4DFA-945E-886B309E4E5A}"
EndProject
Global
	GlobalSection(SolutionConfigurationPlatforms) = preSolution
		Debug|Any CPU = Debug|Any CPU
		Release|Any CPU = Release|Any CPU
	EndGlobalSection
	GlobalSection(ProjectConfigurationPlatforms) = postSolution
		{901F4573-8E15-4065-8036-C8455B8D6E86}.Debug|Any CPU.ActiveCfg = Debug|Any CPU
		{901F4573-8E15-4065-8036-C8455B8D6E86}.Debug|Any CPU.Build.0 = Debug|Any CPU
		{901F4573-8E15-4065-8036-C8455B8D6E86}.Release|Any CPU.ActiveCfg = Release|Any CPU
		{901F4573-8E15-4065-8036-C8455B8D6E86}.Release|Any CPU.Build.0 = Release|Any CPU
		{DCECE7D9-E48E-4A58-8E5B-BF06217310F6}.Debug|Any CPU.ActiveCfg = Debug|Any CPU
		{DCECE7D9-E48E-4A58-8E5B-BF06217310F6}.Debug|Any CPU.Build.0 = Debug|Any CPU
		{DCECE7D9-E48E-4A58-8E5B-BF06217310F6}.Release|Any CPU.ActiveCfg = Release|Any CPU
		{DCECE7D9-E48E-4A58-8E5B-BF06217310F6}.Release|Any CPU.Build.0 = Release|Any CPU
		{9FBEBDB2-4878-4DFA-945E-886B309E4E5A}.Debug|Any CPU.ActiveCfg = Debug|Any CPU
		{9FBEBDB2-4878-4DFA-945E-886B309E4E5A}.Debug|Any CPU.Build.0 = Debug|Any CPU
		{9FBEBDB2-4878-4DFA-945E-886B309E4E5A}.Release|Any CPU.ActiveCfg = Release|Any CPU
		{9FBEBDB2-4878-4DFA-945E-886B309E4E5A}.Release|Any CPU.Build.0 = Release|Any CPU
	EndGlobalSection
	GlobalSection(SolutionProperties) = preSolution
		HideSolutionNode = FALSE
	EndGlobalSection
	GlobalSection(ExtensibilityGlobals) = postSolution
		SolutionGuid = {844837E6-9C18-4AE8-9474-12DEBDBF7F63}
	EndGlobalSection
EndGlobal
